
Microsoft Visual Studio Solution File, Format Version 12.00
# Visual Studio Version 17
VisualStudioVersion = 17.0.31903.59
MinimumVisualStudioVersion = 10.0.40219.1
Project("{FAE04EC0-301F-11D3-BF4B-00C04F79EFBC}") = "Order.API", "Order.API\Order.API.csproj", "{0AAFF972-4447-4826-8041-76910DF0131D}"
EndProject
Project("{FAE04EC0-301F-11D3-BF4B-00C04F79EFBC}") = "Payment.API", "Payment.API\Payment.API.csproj", "{D8CF550D-E689-4349-A90E-9875368C6603}"
EndProject
Project("{FAE04EC0-301F-11D3-BF4B-00C04F79EFBC}") = "Stock.API", "Stock.API\Stock.API.csproj", "{16B77A31-4C81-4429-B8E1-9C1EB40FC239}"
EndProject
Project("{FAE04EC0-301F-11D3-BF4B-00C04F79EFBC}") = "Shared", "Shared\Shared.csproj", "{1826211E-688A-444C-B0B2-0CB19BD0CC1A}"
EndProject
Global
	GlobalSection(SolutionConfigurationPlatforms) = preSolution
		Debug|Any CPU = Debug|Any CPU
		Release|Any CPU = Release|Any CPU
	EndGlobalSection
	GlobalSection(ProjectConfigurationPlatforms) = postSolution
		{0AAFF972-4447-4826-8041-76910DF0131D}.Debug|Any CPU.ActiveCfg = Debug|Any CPU
		{0AAFF972-4447-4826-8041-76910DF0131D}.Debug|Any CPU.Build.0 = Debug|Any CPU
		{0AAFF972-4447-4826-8041-76910DF0131D}.Release|Any CPU.ActiveCfg = Release|Any CPU
		{0AAFF972-4447-4826-8041-76910DF0131D}.Release|Any CPU.Build.0 = Release|Any CPU
		{D8CF550D-E689-4349-A90E-9875368C6603}.Debug|Any CPU.ActiveCfg = Debug|Any CPU
		{D8CF550D-E689-4349-A90E-9875368C6603}.Debug|Any CPU.Build.0 = Debug|Any CPU
		{D8CF550D-E689-4349-A90E-9875368C6603}.Release|Any CPU.ActiveCfg = Release|Any CPU
		{D8CF550D-E689-4349-A90E-9875368C6603}.Release|Any CPU.Build.0 = Release|Any CPU
		{16B77A31-4C81-4429-B8E1-9C1EB40FC239}.Debug|Any CPU.ActiveCfg = Debug|Any CPU
		{16B77A31-4C81-4429-B8E1-9C1EB40FC239}.Debug|Any CPU.Build.0 = Debug|Any CPU
		{16B77A31-4C81-4429-B8E1-9C1EB40FC239}.Release|Any CPU.ActiveCfg = Release|Any CPU
		{16B77A31-4C81-4429-B8E1-9C1EB40FC239}.Release|Any CPU.Build.0 = Release|Any CPU
		{1826211E-688A-444C-B0B2-0CB19BD0CC1A}.Debug|Any CPU.ActiveCfg = Debug|Any CPU
		{1826211E-688A-444C-B0B2-0CB19BD0CC1A}.Debug|Any CPU.Build.0 = Debug|Any CPU
		{1826211E-688A-444C-B0B2-0CB19BD0CC1A}.Release|Any CPU.ActiveCfg = Release|Any CPU
		{1826211E-688A-444C-B0B2-0CB19BD0CC1A}.Release|Any CPU.Build.0 = Release|Any CPU
	EndGlobalSection
	GlobalSection(SolutionProperties) = preSolution
		HideSolutionNode = FALSE
	EndGlobalSection
EndGlobal
